
Microsoft Visual Studio Solution File, Format Version 12.00
# Visual Studio 15
VisualStudioVersion = 15.0.28307.168
MinimumVisualStudioVersion = 10.0.40219.1
Project("{FAE04EC0-301F-11D3-BF4B-00C04F79EFBC}") = "2019WCSD3354WEEK05", "2019WCSD3354WEEK05\2019WCSD3354WEEK05.csproj", "{C5123B3F-C26D-4FF9-9046-DB41C86F020A}"
EndProject
Global
	GlobalSection(SolutionConfigurationPlatforms) = preSolution
		Debug|Any CPU = Debug|Any CPU
		Release|Any CPU = Release|Any CPU
	EndGlobalSection
	GlobalSection(ProjectConfigurationPlatforms) = postSolution
		{C5123B3F-C26D-4FF9-9046-DB41C86F020A}.Debug|Any CPU.ActiveCfg = Debug|Any CPU
		{C5123B3F-C26D-4FF9-9046-DB41C86F020A}.Debug|Any CPU.Build.0 = Debug|Any CPU
		{C5123B3F-C26D-4FF9-9046-DB41C86F020A}.Release|Any CPU.ActiveCfg = Release|Any CPU
		{C5123B3F-C26D-4FF9-9046-DB41C86F020A}.Release|Any CPU.Build.0 = Release|Any CPU
	EndGlobalSection
	GlobalSection(SolutionProperties) = preSolution
		HideSolutionNode = FALSE
	EndGlobalSection
	GlobalSection(ExtensibilityGlobals) = postSolution
		SolutionGuid = {62FF3AE5-6063-4E12-AE9D-C9B08403FF59}
	EndGlobalSection
EndGlobal
